// !$*UTF8*$!
{
	archiveVersion = 1;
	classes = {
	};
	objectVersion = 46;
	objects = {

/* Begin PBXBuildFile section */
		942FA2CB1B2F0FED0050C3E3 /* AppDelegate.swift in Sources */ = {isa = PBXBuildFile; fileRef = 942FA2CA1B2F0FED0050C3E3 /* AppDelegate.swift */; };
		942FA2CD1B2F0FED0050C3E3 /* ViewController.swift in Sources */ = {isa = PBXBuildFile; fileRef = 942FA2CC1B2F0FED0050C3E3 /* ViewController.swift */; };
		942FA2D01B2F0FED0050C3E3 /* Main.storyboard in Resources */ = {isa = PBXBuildFile; fileRef = 942FA2CE1B2F0FED0050C3E3 /* Main.storyboard */; };
		942FA2D21B2F0FED0050C3E3 /* Images.xcassets in Resources */ = {isa = PBXBuildFile; fileRef = 942FA2D11B2F0FED0050C3E3 /* Images.xcassets */; };
		942FA2D51B2F0FED0050C3E3 /* LaunchScreen.xib in Resources */ = {isa = PBXBuildFile; fileRef = 942FA2D31B2F0FED0050C3E3 /* LaunchScreen.xib */; };
		942FA2E11B2F0FED0050C3E3 /* WhistleTests.swift in Sources */ = {isa = PBXBuildFile; fileRef = 942FA2E01B2F0FED0050C3E3 /* WhistleTests.swift */; };
/* End PBXBuildFile section */

/* Begin PBXContainerItemProxy section */
		942FA2DB1B2F0FED0050C3E3 /* PBXContainerItemProxy */ = {
			isa = PBXContainerItemProxy;
			containerPortal = 942FA2BD1B2F0FED0050C3E3 /* Project object */;
			proxyType = 1;
			remoteGlobalIDString = 942FA2C41B2F0FED0050C3E3;
			remoteInfo = Whistle;
		};
/* End PBXContainerItemProxy section */

/* Begin PBXFileReference section */
		942FA2C51B2F0FED0050C3E3 /* Whistle.app */ = {isa = PBXFileReference; explicitFileType = wrapper.application; includeInIndex = 0; path = Whistle.app; sourceTree = BUILT_PRODUCTS_DIR; };
		942FA2C91B2F0FED0050C3E3 /* Info.plist */ = {isa = PBXFileReference; lastKnownFileType = text.plist.xml; path = Info.plist; sourceTree = "<group>"; };
		942FA2CA1B2F0FED0050C3E3 /* AppDelegate.swift */ = {isa = PBXFileReference; lastKnownFileType = sourcecode.swift; path = AppDelegate.swift; sourceTree = "<group>"; };
		942FA2CC1B2F0FED0050C3E3 /* ViewController.swift */ = {isa = PBXFileReference; lastKnownFileType = sourcecode.swift; path = ViewController.swift; sourceTree = "<group>"; };
		942FA2CF1B2F0FED0050C3E3 /* Base */ = {isa = PBXFileReference; lastKnownFileType = file.storyboard; name = Base; path = Base.lproj/Main.storyboard; sourceTree = "<group>"; };
		942FA2D11B2F0FED0050C3E3 /* Images.xcassets */ = {isa = PBXFileReference; lastKnownFileType = folder.assetcatalog; path = Images.xcassets; sourceTree = "<group>"; };
		942FA2D41B2F0FED0050C3E3 /* Base */ = {isa = PBXFileReference; lastKnownFileType = file.xib; name = Base; path = Base.lproj/LaunchScreen.xib; sourceTree = "<group>"; };
		942FA2DA1B2F0FED0050C3E3 /* WhistleTests.xctest */ = {isa = PBXFileReference; explicitFileType = wrapper.cfbundle; includeInIndex = 0; path = WhistleTests.xctest; sourceTree = BUILT_PRODUCTS_DIR; };
		942FA2DF1B2F0FED0050C3E3 /* Info.plist */ = {isa = PBXFileReference; lastKnownFileType = text.plist.xml; path = Info.plist; sourceTree = "<group>"; };
		942FA2E01B2F0FED0050C3E3 /* WhistleTests.swift */ = {isa = PBXFileReference; lastKnownFileType = sourcecode.swift; path = WhistleTests.swift; sourceTree = "<group>"; };
/* End PBXFileReference section */

/* Begin PBXFrameworksBuildPhase section */
		942FA2C21B2F0FED0050C3E3 /* Frameworks */ = {
			isa = PBXFrameworksBuildPhase;
			buildActionMask = 2147483647;
			files = (
			);
			runOnlyForDeploymentPostprocessing = 0;
		};
		942FA2D71B2F0FED0050C3E3 /* Frameworks */ = {
			isa = PBXFrameworksBuildPhase;
			buildActionMask = 2147483647;
			files = (
			);
			runOnlyForDeploymentPostprocessing = 0;
		};
/* End PBXFrameworksBuildPhase section */

/* Begin PBXGroup section */
		942FA2BC1B2F0FED0050C3E3 = {
			isa = PBXGroup;
			children = (
				942FA2C71B2F0FED0050C3E3 /* Whistle */,
				942FA2DD1B2F0FED0050C3E3 /* WhistleTests */,
				942FA2C61B2F0FED0050C3E3 /* Products */,
			);
			sourceTree = "<group>";
		};
		942FA2C61B2F0FED0050C3E3 /* Products */ = {
			isa = PBXGroup;
			children = (
				942FA2C51B2F0FED0050C3E3 /* Whistle.app */,
				942FA2DA1B2F0FED0050C3E3 /* WhistleTests.xctest */,
			);
			name = Products;
			sourceTree = "<group>";
		};
		942FA2C71B2F0FED0050C3E3 /* Whistle */ = {
			isa = PBXGroup;
			children = (
				942FA2CA1B2F0FED0050C3E3 /* AppDelegate.swift */,
				942FA2CC1B2F0FED0050C3E3 /* ViewController.swift */,
				942FA2CE1B2F0FED0050C3E3 /* Main.storyboard */,
				942FA2D11B2F0FED0050C3E3 /* Images.xcassets */,
				942FA2D31B2F0FED0050C3E3 /* LaunchScreen.xib */,
				942FA2C81B2F0FED0050C3E3 /* Supporting Files */,
			);
			path = Whistle;
			sourceTree = "<group>";
		};
		942FA2C81B2F0FED0050C3E3 /* Supporting Files */ = {
			isa = PBXGroup;
			children = (
				942FA2C91B2F0FED0050C3E3 /* Info.plist */,
			);
			name = "Supporting Files";
			sourceTree = "<group>";
		};
		942FA2DD1B2F0FED0050C3E3 /* WhistleTests */ = {
			isa = PBXGroup;
			children = (
				942FA2E01B2F0FED0050C3E3 /* WhistleTests.swift */,
				942FA2DE1B2F0FED0050C3E3 /* Supporting Files */,
			);
			path = WhistleTests;
			sourceTree = "<group>";
		};
		942FA2DE1B2F0FED0050C3E3 /* Supporting Files */ = {
			isa = PBXGroup;
			children = (
				942FA2DF1B2F0FED0050C3E3 /* Info.plist */,
			);
			name = "Supporting Files";
			sourceTree = "<group>";
		};
/* End PBXGroup section */

/* Begin PBXNativeTarget section */
		942FA2C41B2F0FED0050C3E3 /* Whistle */ = {
			isa = PBXNativeTarget;
			buildConfigurationList = 942FA2E41B2F0FED0050C3E3 /* Build configuration list for PBXNativeTarget "Whistle" */;
			buildPhases = (
				942FA2C11B2F0FED0050C3E3 /* Sources */,
				942FA2C21B2F0FED0050C3E3 /* Frameworks */,
				942FA2C31B2F0FED0050C3E3 /* Resources */,
			);
			buildRules = (
			);
			dependencies = (
			);
			name = Whistle;
			productName = Whistle;
			productReference = 942FA2C51B2F0FED0050C3E3 /* Whistle.app */;
			productType = "com.apple.product-type.application";
		};
		942FA2D91B2F0FED0050C3E3 /* WhistleTests */ = {
			isa = PBXNativeTarget;
			buildConfigurationList = 942FA2E71B2F0FED0050C3E3 /* Build configuration list for PBXNativeTarget "WhistleTests" */;
			buildPhases = (
				942FA2D61B2F0FED0050C3E3 /* Sources */,
				942FA2D71B2F0FED0050C3E3 /* Frameworks */,
				942FA2D81B2F0FED0050C3E3 /* Resources */,
			);
			buildRules = (
			);
			dependencies = (
				942FA2DC1B2F0FED0050C3E3 /* PBXTargetDependency */,
			);
			name = WhistleTests;
			productName = WhistleTests;
			productReference = 942FA2DA1B2F0FED0050C3E3 /* WhistleTests.xctest */;
			productType = "com.apple.product-type.bundle.unit-test";
		};
/* End PBXNativeTarget section */

/* Begin PBXProject section */
		942FA2BD1B2F0FED0050C3E3 /* Project object */ = {
			isa = PBXProject;
			attributes = {
				LastUpgradeCheck = 0630;
				ORGANIZATIONNAME = LoopCow;
				TargetAttributes = {
					942FA2C41B2F0FED0050C3E3 = {
						CreatedOnToolsVersion = 6.3.2;
					};
					942FA2D91B2F0FED0050C3E3 = {
						CreatedOnToolsVersion = 6.3.2;
						TestTargetID = 942FA2C41B2F0FED0050C3E3;
					};
				};
			};
			buildConfigurationList = 942FA2C01B2F0FED0050C3E3 /* Build configuration list for PBXProject "Whistle" */;
			compatibilityVersion = "Xcode 3.2";
			developmentRegion = English;
			hasScannedForEncodings = 0;
			knownRegions = (
				en,
				Base,
			);
			mainGroup = 942FA2BC1B2F0FED0050C3E3;
			productRefGroup = 942FA2C61B2F0FED0050C3E3 /* Products */;
			projectDirPath = "";
			projectRoot = "";
			targets = (
				942FA2C41B2F0FED0050C3E3 /* Whistle */,
				942FA2D91B2F0FED0050C3E3 /* WhistleTests */,
			);
		};
/* End PBXProject section */

/* Begin PBXResourcesBuildPhase section */
		942FA2C31B2F0FED0050C3E3 /* Resources */ = {
			isa = PBXResourcesBuildPhase;
			buildActionMask = 2147483647;
			files = (
				942FA2D01B2F0FED0050C3E3 /* Main.storyboard in Resources */,
				942FA2D51B2F0FED0050C3E3 /* LaunchScreen.xib in Resources */,
				942FA2D21B2F0FED0050C3E3 /* Images.xcassets in Resources */,
			);
			runOnlyForDeploymentPostprocessing = 0;
		};
		942FA2D81B2F0FED0050C3E3 /* Resources */ = {
			isa = PBXResourcesBuildPhase;
			buildActionMask = 2147483647;
			files = (
			);
			runOnlyForDeploymentPostprocessing = 0;
		};
/* End PBXResourcesBuildPhase section */

/* Begin PBXSourcesBuildPhase section */
		942FA2C11B2F0FED0050C3E3 /* Sources */ = {
			isa = PBXSourcesBuildPhase;
			buildActionMask = 2147483647;
			files = (
				942FA2CD1B2F0FED0050C3E3 /* ViewController.swift in Sources */,
				942FA2CB1B2F0FED0050C3E3 /* AppDelegate.swift in Sources */,
			);
			runOnlyForDeploymentPostprocessing = 0;
		};
		942FA2D61B2F0FED0050C3E3 /* Sources */ = {
			isa = PBXSourcesBuildPhase;
			buildActionMask = 2147483647;
			files = (
				942FA2E11B2F0FED0050C3E3 /* WhistleTests.swift in Sources */,
			);
			runOnlyForDeploymentPostprocessing = 0;
		};
/* End PBXSourcesBuildPhase section */

/* Begin PBXTargetDependency section */
		942FA2DC1B2F0FED0050C3E3 /* PBXTargetDependency */ = {
			isa = PBXTargetDependency;
			target = 942FA2C41B2F0FED0050C3E3 /* Whistle */;
			targetProxy = 942FA2DB1B2F0FED0050C3E3 /* PBXContainerItemProxy */;
		};
/* End PBXTargetDependency section */

/* Begin PBXVariantGroup section */
		942FA2CE1B2F0FED0050C3E3 /* Main.storyboard */ = {
			isa = PBXVariantGroup;
			children = (
				942FA2CF1B2F0FED0050C3E3 /* Base */,
			);
			name = Main.storyboard;
			sourceTree = "<group>";
		};
		942FA2D31B2F0FED0050C3E3 /* LaunchScreen.xib */ = {
			isa = PBXVariantGroup;
			children = (
				942FA2D41B2F0FED0050C3E3 /* Base */,
			);
			name = LaunchScreen.xib;
			sourceTree = "<group>";
		};
/* End PBXVariantGroup section */

/* Begin XCBuildConfiguration section */
		942FA2E21B2F0FED0050C3E3 /* Debug */ = {
			isa = XCBuildConfiguration;
			buildSettings = {
				ALWAYS_SEARCH_USER_PATHS = NO;
				CLANG_CXX_LANGUAGE_STANDARD = "gnu++0x";
				CLANG_CXX_LIBRARY = "libc++";
				CLANG_ENABLE_MODULES = YES;
				CLANG_ENABLE_OBJC_ARC = YES;
				CLANG_WARN_BOOL_CONVERSION = YES;
				CLANG_WARN_CONSTANT_CONVERSION = YES;
				CLANG_WARN_DIRECT_OBJC_ISA_USAGE = YES_ERROR;
				CLANG_WARN_EMPTY_BODY = YES;
				CLANG_WARN_ENUM_CONVERSION = YES;
				CLANG_WARN_INT_CONVERSION = YES;
				CLANG_WARN_OBJC_ROOT_CLASS = YES_ERROR;
				CLANG_WARN_UNREACHABLE_CODE = YES;
				CLANG_WARN__DUPLICATE_METHOD_MATCH = YES;
				"CODE_SIGN_IDENTITY[sdk=iphoneos*]" = "iPhone Developer";
				COPY_PHASE_STRIP = NO;
				DEBUG_INFORMATION_FORMAT = "dwarf-with-dsym";
				ENABLE_STRICT_OBJC_MSGSEND = YES;
				GCC_C_LANGUAGE_STANDARD = gnu99;
				GCC_DYNAMIC_NO_PIC = NO;
				GCC_NO_COMMON_BLOCKS = YES;
				GCC_OPTIMIZATION_LEVEL = 0;
				GCC_PREPROCESSOR_DEFINITIONS = (
					"DEBUG=1",
					"$(inherited)",
				);
				GCC_SYMBOLS_PRIVATE_EXTERN = NO;
				GCC_WARN_64_TO_32_BIT_CONVERSION = YES;
				GCC_WARN_ABOUT_RETURN_TYPE = YES_ERROR;
				GCC_WARN_UNDECLARED_SELECTOR = YES;
				GCC_WARN_UNINITIALIZED_AUTOS = YES_AGGRESSIVE;
				GCC_WARN_UNUSED_FUNCTION = YES;
				GCC_WARN_UNUSED_VARIABLE = YES;
				IPHONEOS_DEPLOYMENT_TARGET = 8.3;
				MTL_ENABLE_DEBUG_INFO = YES;
				ONLY_ACTIVE_ARCH = YES;
				SDKROOT = iphoneos;
				SWIFT_OPTIMIZATION_LEVEL = "-Onone";
				TARGETED_DEVICE_FAMILY = "1,2";
			};
			name = Debug;
		};
		942FA2E31B2F0FED0050C3E3 /* Release */ = {
			isa = XCBuildConfiguration;
			buildSettings = {
				ALWAYS_SEARCH_USER_PATHS = NO;
				CLANG_CXX_LANGUAGE_STANDARD = "gnu++0x";
				CLANG_CXX_LIBRARY = "libc++";
				CLANG_ENABLE_MODULES = YES;
				CLANG_ENABLE_OBJC_ARC = YES;
				CLANG_WARN_BOOL_CONVERSION = YES;
				CLANG_WARN_CONSTANT_CONVERSION = YES;
				CLANG_WARN_DIRECT_OBJC_ISA_USAGE = YES_ERROR;
				CLANG_WARN_EMPTY_BODY = YES;
				CLANG_WARN_ENUM_CONVERSION = YES;
				CLANG_WARN_INT_CONVERSION = YES;
				CLANG_WARN_OBJC_ROOT_CLASS = YES_ERROR;
				CLANG_WARN_UNREACHABLE_CODE = YES;
				CLANG_WARN__DUPLICATE_METHOD_MATCH = YES;
				"CODE_SIGN_IDENTITY[sdk=iphoneos*]" = "iPhone Developer";
				COPY_PHASE_STRIP = NO;
				DEBUG_INFORMATION_FORMAT = "dwarf-with-dsym";
				ENABLE_NS_ASSERTIONS = NO;
				ENABLE_STRICT_OBJC_MSGSEND = YES;
				GCC_C_LANGUAGE_STANDARD = gnu99;
				GCC_NO_COMMON_BLOCKS = YES;
				GCC_WARN_64_TO_32_BIT_CONVERSION = YES;
				GCC_WARN_ABOUT_RETURN_TYPE = YES_ERROR;
				GCC_WARN_UNDECLARED_SELECTOR = YES;
				GCC_WARN_UNINITIALIZED_AUTOS = YES_AGGRESSIVE;
				GCC_WARN_UNUSED_FUNCTION = YES;
				GCC_WARN_UNUSED_VARIABLE = YES;
				IPHONEOS_DEPLOYMENT_TARGET = 8.3;
				MTL_ENABLE_DEBUG_INFO = NO;
				SDKROOT = iphoneos;
				TARGETED_DEVICE_FAMILY = "1,2";
				VALIDATE_PRODUCT = YES;
			};
			name = Release;
		};
		942FA2E51B2F0FED0050C3E3 /* Debug */ = {
			isa = XCBuildConfiguration;
			buildSettings = {
				ASSETCATALOG_COMPILER_APPICON_NAME = AppIcon;
				INFOPLIST_FILE = Whistle/Info.plist;
				LD_RUNPATH_SEARCH_PATHS = "$(inherited) @executable_path/Frameworks";
				PRODUCT_NAME = "$(TARGET_NAME)";
			};
			name = Debug;
		};
		942FA2E61B2F0FED0050C3E3 /* Release */ = {
			isa = XCBuildConfiguration;
			buildSettings = {
				ASSETCATALOG_COMPILER_APPICON_NAME = AppIcon;
				INFOPLIST_FILE = Whistle/Info.plist;
				LD_RUNPATH_SEARCH_PATHS = "$(inherited) @executable_path/Frameworks";
				PRODUCT_NAME = "$(TARGET_NAME)";
			};
			name = Release;
		};
		942FA2E81B2F0FED0050C3E3 /* Debug */ = {
			isa = XCBuildConfiguration;
			buildSettings = {
				BUNDLE_LOADER = "$(TEST_HOST)";
				FRAMEWORK_SEARCH_PATHS = (
					"$(SDKROOT)/Developer/Library/Frameworks",
					"$(inherited)",
				);
				GCC_PREPROCESSOR_DEFINITIONS = (
					"DEBUG=1",
					"$(inherited)",
				);
				INFOPLIST_FILE = WhistleTests/Info.plist;
				LD_RUNPATH_SEARCH_PATHS = "$(inherited) @executable_path/Frameworks @loader_path/Frameworks";
				PRODUCT_NAME = "$(TARGET_NAME)";
				TEST_HOST = "$(BUILT_PRODUCTS_DIR)/Whistle.app/Whistle";
			};
			name = Debug;
		};
		942FA2E91B2F0FED0050C3E3 /* Release */ = {
			isa = XCBuildConfiguration;
			buildSettings = {
				BUNDLE_LOADER = "$(TEST_HOST)";
				FRAMEWORK_SEARCH_PATHS = (
					"$(SDKROOT)/Developer/Library/Frameworks",
					"$(inherited)",
				);
				INFOPLIST_FILE = WhistleTests/Info.plist;
				LD_RUNPATH_SEARCH_PATHS = "$(inherited) @executable_path/Frameworks @loader_path/Frameworks";
				PRODUCT_NAME = "$(TARGET_NAME)";
				TEST_HOST = "$(BUILT_PRODUCTS_DIR)/Whistle.app/Whistle";
			};
			name = Release;
		};
/* End XCBuildConfiguration section */

/* Begin XCConfigurationList section */
		942FA2C01B2F0FED0050C3E3 /* Build configuration list for PBXProject "Whistle" */ = {
			isa = XCConfigurationList;
			buildConfigurations = (
				942FA2E21B2F0FED0050C3E3 /* Debug */,
				942FA2E31B2F0FED0050C3E3 /* Release */,
			);
			defaultConfigurationIsVisible = 0;
			defaultConfigurationName = Release;
		};
		942FA2E41B2F0FED0050C3E3 /* Build configuration list for PBXNativeTarget "Whistle" */ = {
			isa = XCConfigurationList;
			buildConfigurations = (
				942FA2E51B2F0FED0050C3E3 /* Debug */,
				942FA2E61B2F0FED0050C3E3 /* Release */,
			);
			defaultConfigurationIsVisible = 0;
		};
		942FA2E71B2F0FED0050C3E3 /* Build configuration list for PBXNativeTarget "WhistleTests" */ = {
			isa = XCConfigurationList;
			buildConfigurations = (
				942FA2E81B2F0FED0050C3E3 /* Debug */,
				942FA2E91B2F0FED0050C3E3 /* Release */,
			);
			defaultConfigurationIsVisible = 0;
		};
/* End XCConfigurationList section */
	};
	rootObject = 942FA2BD1B2F0FED0050C3E3 /* Project object */;
}
